
Microsoft Visual Studio Solution File, Format Version 12.00
# Visual Studio Version 16
VisualStudioVersion = 16.0.30413.136
MinimumVisualStudioVersion = 15.0.26124.0
Project("{2150E333-8FDC-42A3-9474-1A3956D46DE8}") = "src", "src", "{626F825D-9138-4537-8950-48BD3AC8EECE}"
EndProject
Project("{2150E333-8FDC-42A3-9474-1A3956D46DE8}") = "tests", "tests", "{144808F9-D257-4636-9B0D-61F3A9850947}"
EndProject
Project("{9A19103F-16F7-4668-BE54-9A1E7A4F7556}") = "lc3", "src\lc3\lc3.csproj", "{0A40B96A-DD08-4862-B83B-5BBC09C5D74D}"
EndProject
Project("{9A19103F-16F7-4668-BE54-9A1E7A4F7556}") = "lc3.tests", "tests\lc3.tests\lc3.tests.csproj", "{0EDE7A92-C373-4C7C-90D6-A59CD50F842E}"
EndProject
Project("{2150E333-8FDC-42A3-9474-1A3956D46DE8}") = "Solution Items", "Solution Items", "{1AACF89E-E94B-4D76-8606-E63F97781831}"
	ProjectSection(SolutionItems) = preProject
		.editorconfig = .editorconfig
		.gitignore = .gitignore
		README.md = README.md
	EndProjectSection
EndProject
Project("{2150E333-8FDC-42A3-9474-1A3956D46DE8}") = "asm", "asm", "{B5CA3F9C-A2E5-485E-B518-2792CC4BD562}"
	ProjectSection(SolutionItems) = preProject
		asm\2048.obj = asm\2048.obj
		asm\rogue.obj = asm\rogue.obj
	EndProjectSection
EndProject
Global
	GlobalSection(SolutionConfigurationPlatforms) = preSolution
		Debug|Any CPU = Debug|Any CPU
		Debug|x64 = Debug|x64
		Debug|x86 = Debug|x86
		Release|Any CPU = Release|Any CPU
		Release|x64 = Release|x64
		Release|x86 = Release|x86
	EndGlobalSection
	GlobalSection(ProjectConfigurationPlatforms) = postSolution
		{0A40B96A-DD08-4862-B83B-5BBC09C5D74D}.Debug|Any CPU.ActiveCfg = Debug|Any CPU
		{0A40B96A-DD08-4862-B83B-5BBC09C5D74D}.Debug|Any CPU.Build.0 = Debug|Any CPU
		{0A40B96A-DD08-4862-B83B-5BBC09C5D74D}.Debug|x64.ActiveCfg = Debug|Any CPU
		{0A40B96A-DD08-4862-B83B-5BBC09C5D74D}.Debug|x64.Build.0 = Debug|Any CPU
		{0A40B96A-DD08-4862-B83B-5BBC09C5D74D}.Debug|x86.ActiveCfg = Debug|Any CPU
		{0A40B96A-DD08-4862-B83B-5BBC09C5D74D}.Debug|x86.Build.0 = Debug|Any CPU
		{0A40B96A-DD08-4862-B83B-5BBC09C5D74D}.Release|Any CPU.ActiveCfg = Release|Any CPU
		{0A40B96A-DD08-4862-B83B-5BBC09C5D74D}.Release|Any CPU.Build.0 = Release|Any CPU
		{0A40B96A-DD08-4862-B83B-5BBC09C5D74D}.Release|x64.ActiveCfg = Release|Any CPU
		{0A40B96A-DD08-4862-B83B-5BBC09C5D74D}.Release|x64.Build.0 = Release|Any CPU
		{0A40B96A-DD08-4862-B83B-5BBC09C5D74D}.Release|x86.ActiveCfg = Release|Any CPU
		{0A40B96A-DD08-4862-B83B-5BBC09C5D74D}.Release|x86.Build.0 = Release|Any CPU
		{0EDE7A92-C373-4C7C-90D6-A59CD50F842E}.Debug|Any CPU.ActiveCfg = Debug|Any CPU
		{0EDE7A92-C373-4C7C-90D6-A59CD50F842E}.Debug|Any CPU.Build.0 = Debug|Any CPU
		{0EDE7A92-C373-4C7C-90D6-A59CD50F842E}.Debug|x64.ActiveCfg = Debug|Any CPU
		{0EDE7A92-C373-4C7C-90D6-A59CD50F842E}.Debug|x64.Build.0 = Debug|Any CPU
		{0EDE7A92-C373-4C7C-90D6-A59CD50F842E}.Debug|x86.ActiveCfg = Debug|Any CPU
		{0EDE7A92-C373-4C7C-90D6-A59CD50F842E}.Debug|x86.Build.0 = Debug|Any CPU
		{0EDE7A92-C373-4C7C-90D6-A59CD50F842E}.Release|Any CPU.ActiveCfg = Release|Any CPU
		{0EDE7A92-C373-4C7C-90D6-A59CD50F842E}.Release|Any CPU.Build.0 = Release|Any CPU
		{0EDE7A92-C373-4C7C-90D6-A59CD50F842E}.Release|x64.ActiveCfg = Release|Any CPU
		{0EDE7A92-C373-4C7C-90D6-A59CD50F842E}.Release|x64.Build.0 = Release|Any CPU
		{0EDE7A92-C373-4C7C-90D6-A59CD50F842E}.Release|x86.ActiveCfg = Release|Any CPU
		{0EDE7A92-C373-4C7C-90D6-A59CD50F842E}.Release|x86.Build.0 = Release|Any CPU
	EndGlobalSection
	GlobalSection(SolutionProperties) = preSolution
		HideSolutionNode = FALSE
	EndGlobalSection
	GlobalSection(NestedProjects) = preSolution
		{0A40B96A-DD08-4862-B83B-5BBC09C5D74D} = {626F825D-9138-4537-8950-48BD3AC8EECE}
		{0EDE7A92-C373-4C7C-90D6-A59CD50F842E} = {144808F9-D257-4636-9B0D-61F3A9850947}
	EndGlobalSection
	GlobalSection(ExtensibilityGlobals) = postSolution
		SolutionGuid = {0C810E78-4272-4570-9E8C-049FCA10973D}
	EndGlobalSection
EndGlobal
